
Microsoft Visual Studio Solution File, Format Version 12.00
# Visual Studio Version 17
VisualStudioVersion = 17.6.33815.320
MinimumVisualStudioVersion = 10.0.40219.1
Project("{9A19103F-16F7-4668-BE54-9A1E7A4F7556}") = "films_server", "films_server.csproj", "{03B93F34-1A94-42BC-A2AF-DDAF68FE23FF}"
EndProject
Global
	GlobalSection(SolutionConfigurationPlatforms) = preSolution
		Debug|Any CPU = Debug|Any CPU
		Release|Any CPU = Release|Any CPU
	EndGlobalSection
	GlobalSection(ProjectConfigurationPlatforms) = postSolution
		{03B93F34-1A94-42BC-A2AF-DDAF68FE23FF}.Debug|Any CPU.ActiveCfg = Debug|Any CPU
		{03B93F34-1A94-42BC-A2AF-DDAF68FE23FF}.Debug|Any CPU.Build.0 = Debug|Any CPU
		{03B93F34-1A94-42BC-A2AF-DDAF68FE23FF}.Release|Any CPU.ActiveCfg = Release|Any CPU
		{03B93F34-1A94-42BC-A2AF-DDAF68FE23FF}.Release|Any CPU.Build.0 = Release|Any CPU
	EndGlobalSection
	GlobalSection(SolutionProperties) = preSolution
		HideSolutionNode = FALSE
	EndGlobalSection
	GlobalSection(ExtensibilityGlobals) = postSolution
		SolutionGuid = {8A37FE97-500D-4837-BD05-659D565BEDEE}
	EndGlobalSection
EndGlobal
